
Microsoft Visual Studio Solution File, Format Version 12.00
# Visual Studio Version 17
VisualStudioVersion = 17.11.35312.102
MinimumVisualStudioVersion = 10.0.40219.1
Project("{9A19103F-16F7-4668-BE54-9A1E7A4F7556}") = "IDAttendance", "IDAttendance.csproj", "{DCD76B9A-C680-4546-8A4F-1CA7D707BFC2}"
EndProject
Project("{9A19103F-16F7-4668-BE54-9A1E7A4F7556}") = "IDSystemBusinessLogic", "IDSystemBusinessLogic\IDSystemBusinessLogic.csproj", "{63E70F8F-912C-47A3-96F6-9D1679E48318}"
EndProject
Project("{9A19103F-16F7-4668-BE54-9A1E7A4F7556}") = "IDSystemGUI", "IDSystemGUI\IDSystemGUI.csproj", "{F3BDBFD6-D8B1-40C7-A3EB-E7F5891CD0FD}"
EndProject
Project("{FAE04EC0-301F-11D3-BF4B-00C04F79EFBC}") = "IDSystemData", "IDSystemData\IDSystemData.csproj", "{F811638E-A393-4B4F-8771-F638F93606A6}"
EndProject
Global
	GlobalSection(SolutionConfigurationPlatforms) = preSolution
		Debug|Any CPU = Debug|Any CPU
		Release|Any CPU = Release|Any CPU
	EndGlobalSection
	GlobalSection(ProjectConfigurationPlatforms) = postSolution
		{DCD76B9A-C680-4546-8A4F-1CA7D707BFC2}.Debug|Any CPU.ActiveCfg = Debug|Any CPU
		{DCD76B9A-C680-4546-8A4F-1CA7D707BFC2}.Debug|Any CPU.Build.0 = Debug|Any CPU
		{DCD76B9A-C680-4546-8A4F-1CA7D707BFC2}.Release|Any CPU.ActiveCfg = Release|Any CPU
		{DCD76B9A-C680-4546-8A4F-1CA7D707BFC2}.Release|Any CPU.Build.0 = Release|Any CPU
		{63E70F8F-912C-47A3-96F6-9D1679E48318}.Debug|Any CPU.ActiveCfg = Debug|Any CPU
		{63E70F8F-912C-47A3-96F6-9D1679E48318}.Debug|Any CPU.Build.0 = Debug|Any CPU
		{63E70F8F-912C-47A3-96F6-9D1679E48318}.Release|Any CPU.ActiveCfg = Release|Any CPU
		{63E70F8F-912C-47A3-96F6-9D1679E48318}.Release|Any CPU.Build.0 = Release|Any CPU
		{F3BDBFD6-D8B1-40C7-A3EB-E7F5891CD0FD}.Debug|Any CPU.ActiveCfg = Debug|Any CPU
		{F3BDBFD6-D8B1-40C7-A3EB-E7F5891CD0FD}.Debug|Any CPU.Build.0 = Debug|Any CPU
		{F3BDBFD6-D8B1-40C7-A3EB-E7F5891CD0FD}.Release|Any CPU.ActiveCfg = Release|Any CPU
		{F3BDBFD6-D8B1-40C7-A3EB-E7F5891CD0FD}.Release|Any CPU.Build.0 = Release|Any CPU
		{F811638E-A393-4B4F-8771-F638F93606A6}.Debug|Any CPU.ActiveCfg = Debug|Any CPU
		{F811638E-A393-4B4F-8771-F638F93606A6}.Debug|Any CPU.Build.0 = Debug|Any CPU
		{F811638E-A393-4B4F-8771-F638F93606A6}.Release|Any CPU.ActiveCfg = Release|Any CPU
		{F811638E-A393-4B4F-8771-F638F93606A6}.Release|Any CPU.Build.0 = Release|Any CPU
	EndGlobalSection
	GlobalSection(SolutionProperties) = preSolution
		HideSolutionNode = FALSE
	EndGlobalSection
	GlobalSection(ExtensibilityGlobals) = postSolution
		SolutionGuid = {44B558AC-A54F-45B4-BFD4-C55E9CEC5434}
	EndGlobalSection
EndGlobal
