
Microsoft Visual Studio Solution File, Format Version 12.00
# Visual Studio Version 17
VisualStudioVersion = 17.11.35312.102
MinimumVisualStudioVersion = 10.0.40219.1
Project("{9A19103F-16F7-4668-BE54-9A1E7A4F7556}") = "IDAttendance", "IDAttendance.csproj", "{DCD76B9A-C680-4546-8A4F-1CA7D707BFC2}"
EndProject
Project("{FAE04EC0-301F-11D3-BF4B-00C04F79EFBC}") = "ClassLibrary2", "..\ClassLibrary2\ClassLibrary2.csproj", "{72E41FEC-816C-434D-8CCF-F8AB3655DCD4}"
EndProject
Project("{FAE04EC0-301F-11D3-BF4B-00C04F79EFBC}") = "ClassLibrary3", "..\ClassLibrary3\ClassLibrary3.csproj", "{B9ED34DB-764C-4C3D-AED0-2E033126EF18}"
EndProject
Global
	GlobalSection(SolutionConfigurationPlatforms) = preSolution
		Debug|Any CPU = Debug|Any CPU
		Release|Any CPU = Release|Any CPU
	EndGlobalSection
	GlobalSection(ProjectConfigurationPlatforms) = postSolution
		{DCD76B9A-C680-4546-8A4F-1CA7D707BFC2}.Debug|Any CPU.ActiveCfg = Debug|Any CPU
		{DCD76B9A-C680-4546-8A4F-1CA7D707BFC2}.Debug|Any CPU.Build.0 = Debug|Any CPU
		{DCD76B9A-C680-4546-8A4F-1CA7D707BFC2}.Release|Any CPU.ActiveCfg = Release|Any CPU
		{DCD76B9A-C680-4546-8A4F-1CA7D707BFC2}.Release|Any CPU.Build.0 = Release|Any CPU
		{72E41FEC-816C-434D-8CCF-F8AB3655DCD4}.Debug|Any CPU.ActiveCfg = Debug|Any CPU
		{72E41FEC-816C-434D-8CCF-F8AB3655DCD4}.Debug|Any CPU.Build.0 = Debug|Any CPU
		{72E41FEC-816C-434D-8CCF-F8AB3655DCD4}.Release|Any CPU.ActiveCfg = Release|Any CPU
		{72E41FEC-816C-434D-8CCF-F8AB3655DCD4}.Release|Any CPU.Build.0 = Release|Any CPU
		{B9ED34DB-764C-4C3D-AED0-2E033126EF18}.Debug|Any CPU.ActiveCfg = Debug|Any CPU
		{B9ED34DB-764C-4C3D-AED0-2E033126EF18}.Debug|Any CPU.Build.0 = Debug|Any CPU
		{B9ED34DB-764C-4C3D-AED0-2E033126EF18}.Release|Any CPU.ActiveCfg = Release|Any CPU
		{B9ED34DB-764C-4C3D-AED0-2E033126EF18}.Release|Any CPU.Build.0 = Release|Any CPU
	EndGlobalSection
	GlobalSection(SolutionProperties) = preSolution
		HideSolutionNode = FALSE
	EndGlobalSection
	GlobalSection(ExtensibilityGlobals) = postSolution
		SolutionGuid = {44B558AC-A54F-45B4-BFD4-C55E9CEC5434}
	EndGlobalSection
EndGlobal
